# THIS IS AN AUTOGENERATED FILE. DO NOT EDIT THIS FILE DIRECTLY.
# yarn lockfile v1


"@babel/code-frame@^7.14.5", "@babel/code-frame@^7.15.8":
  "integrity" "sha1-RZkMR62tsAwDZ3uqiSIffMI9JQM="
  "resolved" "https://registry.npmmirror.com/@babel/code-frame/download/@babel/code-frame-7.15.8.tgz"
  "version" "7.15.8"
  dependencies:
    "@babel/highlight" "^7.14.5"

"@babel/compat-data@^7.15.0":
  "integrity" "sha1-Lbr4uFM0eWyvuw9Xk6kKL8AQsXY="
  "resolved" "https://registry.npmmirror.com/@babel/compat-data/download/@babel/compat-data-7.15.0.tgz"
  "version" "7.15.0"

"@babel/core@^7.0.0", "@babel/core@^7.0.0-0", "@babel/core@^7.15.5":
  "integrity" "sha1-GVufK//pldLGwVnnL+UltBFOjBA="
  "resolved" "https://registry.npmmirror.com/@babel/core/download/@babel/core-7.15.8.tgz"
  "version" "7.15.8"
  dependencies:
    "@babel/code-frame" "^7.15.8"
    "@babel/generator" "^7.15.8"
    "@babel/helper-compilation-targets" "^7.15.4"
    "@babel/helper-module-transforms" "^7.15.8"
    "@babel/helpers" "^7.15.4"
    "@babel/parser" "^7.15.8"
    "@babel/template" "^7.15.4"
    "@babel/traverse" "^7.15.4"
    "@babel/types" "^7.15.6"
    "convert-source-map" "^1.7.0"
    "debug" "^4.1.0"
    "gensync" "^1.0.0-beta.2"
    "json5" "^2.1.2"
    "semver" "^6.3.0"
    "source-map" "^0.5.0"

"@babel/generator@^7.15.4", "@babel/generator@^7.15.8":
  "integrity" "sha1-+la+a1lpUs6yMQSM+E7kmaGcDNE="
  "resolved" "https://registry.npmmirror.com/@babel/generator/download/@babel/generator-7.15.8.tgz"
  "version" "7.15.8"
  dependencies:
    "@babel/types" "^7.15.6"
    "jsesc" "^2.5.1"
    "source-map" "^0.5.0"

"@babel/helper-annotate-as-pure@^7.14.5":
  "integrity" "sha1-PQ5DsAxeSf22xX5CFgGnpljV+DU="
  "resolved" "https://registry.npmmirror.com/@babel/helper-annotate-as-pure/download/@babel/helper-annotate-as-pure-7.15.4.tgz"
  "version" "7.15.4"
  dependencies:
    "@babel/types" "^7.15.4"

"@babel/helper-compilation-targets@^7.15.4":
  "integrity" "sha1-z22U8w++/BORI+J91rAvZa7tt7k="
  "resolved" "https://registry.npmmirror.com/@babel/helper-compilation-targets/download/@babel/helper-compilation-targets-7.15.4.tgz"
  "version" "7.15.4"
  dependencies:
    "@babel/compat-data" "^7.15.0"
    "@babel/helper-validator-option" "^7.14.5"
    "browserslist" "^4.16.6"
    "semver" "^6.3.0"

"@babel/helper-function-name@^7.15.4":
  "integrity" "sha1-hFdE2vxDgaSl+2r6bD02+Yp4frw="
  "resolved" "https://registry.npmmirror.com/@babel/helper-function-name/download/@babel/helper-function-name-7.15.4.tgz"
  "version" "7.15.4"
  dependencies:
    "@babel/helper-get-function-arity" "^7.15.4"
    "@babel/template" "^7.15.4"
    "@babel/types" "^7.15.4"

"@babel/helper-get-function-arity@^7.15.4":
  "integrity" "sha1-CYgYk0oTf854tTaj4BWGS+Hih5s="
  "resolved" "https://registry.npmmirror.com/@babel/helper-get-function-arity/download/@babel/helper-get-function-arity-7.15.4.tgz"
  "version" "7.15.4"
  dependencies:
    "@babel/types" "^7.15.4"

"@babel/helper-hoist-variables@^7.15.4":
  "integrity" "sha1-CZk6MlnA6Rj5nRBCYd/fwDPxeN8="
  "resolved" "https://registry.npmmirror.com/@babel/helper-hoist-variables/download/@babel/helper-hoist-variables-7.15.4.tgz"
  "version" "7.15.4"
  dependencies:
    "@babel/types" "^7.15.4"

"@babel/helper-member-expression-to-functions@^7.15.4":
  "integrity" "sha1-v9NNybupgkpGWLAxfsL9VxpR5u8="
  "resolved" "https://registry.npmmirror.com/@babel/helper-member-expression-to-functions/download/@babel/helper-member-expression-to-functions-7.15.4.tgz"
  "version" "7.15.4"
  dependencies:
    "@babel/types" "^7.15.4"

"@babel/helper-module-imports@^7.14.5", "@babel/helper-module-imports@^7.15.4":
  "integrity" "sha1-4YAH0jBjLeoZtHhTuYRHbntOED8="
  "resolved" "https://registry.npmmirror.com/@babel/helper-module-imports/download/@babel/helper-module-imports-7.15.4.tgz"
  "version" "7.15.4"
  dependencies:
    "@babel/types" "^7.15.4"

"@babel/helper-module-transforms@^7.15.8":
  "integrity" "sha1-2MDnWoelLjdKjyX4VRdHhqCUmLI="
  "resolved" "https://registry.npmmirror.com/@babel/helper-module-transforms/download/@babel/helper-module-transforms-7.15.8.tgz"
  "version" "7.15.8"
  dependencies:
    "@babel/helper-module-imports" "^7.15.4"
    "@babel/helper-replace-supers" "^7.15.4"
    "@babel/helper-simple-access" "^7.15.4"
    "@babel/helper-split-export-declaration" "^7.15.4"
    "@babel/helper-validator-identifier" "^7.15.7"
    "@babel/template" "^7.15.4"
    "@babel/traverse" "^7.15.4"
    "@babel/types" "^7.15.6"

"@babel/helper-optimise-call-expression@^7.15.4":
  "integrity" "sha1-8xClEho7nMUtmrGRIr1ymCLe4XE="
  "resolved" "https://registry.npmmirror.com/@babel/helper-optimise-call-expression/download/@babel/helper-optimise-call-expression-7.15.4.tgz"
  "version" "7.15.4"
  dependencies:
    "@babel/types" "^7.15.4"

"@babel/helper-plugin-utils@^7.14.5":
  "integrity" "sha1-WsgizpfuxGdBq3ClF5ceRDpwxak="
  "resolved" "https://registry.npmmirror.com/@babel/helper-plugin-utils/download/@babel/helper-plugin-utils-7.14.5.tgz"
  "version" "7.14.5"

"@babel/helper-replace-supers@^7.15.4":
  "integrity" "sha1-UqirJrqRjH9t7ihiiwcHGse3NHo="
  "resolved" "https://registry.npmmirror.com/@babel/helper-replace-supers/download/@babel/helper-replace-supers-7.15.4.tgz"
  "version" "7.15.4"
  dependencies:
    "@babel/helper-member-expression-to-functions" "^7.15.4"
    "@babel/helper-optimise-call-expression" "^7.15.4"
    "@babel/traverse" "^7.15.4"
    "@babel/types" "^7.15.4"

"@babel/helper-simple-access@^7.15.4":
  "integrity" "sha1-rDaJBavx3o6XgUNLY12PhnS8wTs="
  "resolved" "https://registry.npmmirror.com/@babel/helper-simple-access/download/@babel/helper-simple-access-7.15.4.tgz"
  "version" "7.15.4"
  dependencies:
    "@babel/types" "^7.15.4"

"@babel/helper-split-export-declaration@^7.15.4":
  "integrity" "sha1-rsq5Lc2+9qEKo7YqsgSwhfd24lc="
  "resolved" "https://registry.npmmirror.com/@babel/helper-split-export-declaration/download/@babel/helper-split-export-declaration-7.15.4.tgz"
  "version" "7.15.4"
  dependencies:
    "@babel/types" "^7.15.4"

"@babel/helper-validator-identifier@^7.14.5", "@babel/helper-validator-identifier@^7.14.9", "@babel/helper-validator-identifier@^7.15.7":
  "integrity" "sha1-Ig35k7/pBKSmsCq08zhaXr9uI4k="
  "resolved" "https://registry.npmmirror.com/@babel/helper-validator-identifier/download/@babel/helper-validator-identifier-7.15.7.tgz"
  "version" "7.15.7"

"@babel/helper-validator-option@^7.14.5":
  "integrity" "sha1-bnKh//GNXfy4eOHmLxoCHEty1aM="
  "resolved" "https://registry.npmmirror.com/@babel/helper-validator-option/download/@babel/helper-validator-option-7.14.5.tgz"
  "version" "7.14.5"

"@babel/helpers@^7.15.4":
  "integrity" "sha1-X0DwIFCjAnEho89I1JfAXFVer0M="
  "resolved" "https://registry.npmmirror.com/@babel/helpers/download/@babel/helpers-7.15.4.tgz"
  "version" "7.15.4"
  dependencies:
    "@babel/template" "^7.15.4"
    "@babel/traverse" "^7.15.4"
    "@babel/types" "^7.15.4"

"@babel/highlight@^7.14.5":
  "integrity" "sha1-aGGlLwOWZAUAH2qlNKAaJNmejNk="
  "resolved" "https://registry.npmmirror.com/@babel/highlight/download/@babel/highlight-7.14.5.tgz"
  "version" "7.14.5"
  dependencies:
    "@babel/helper-validator-identifier" "^7.14.5"
    "chalk" "^2.0.0"
    "js-tokens" "^4.0.0"

"@babel/parser@^7.15.4", "@babel/parser@^7.15.8":
  "integrity" "sha1-e6zcvnG9w/+TbVEMFdzqfPC5kBY="
  "resolved" "https://registry.npmmirror.com/@babel/parser/download/@babel/parser-7.15.8.tgz"
  "version" "7.15.8"

"@babel/plugin-syntax-jsx@^7.14.5":
  "integrity" "sha1-AA4uJdhnPM5JMAUXo+2kTCY+QgE="
  "resolved" "https://registry.npmmirror.com/@babel/plugin-syntax-jsx/download/@babel/plugin-syntax-jsx-7.14.5.tgz"
  "version" "7.14.5"
  dependencies:
    "@babel/helper-plugin-utils" "^7.14.5"

"@babel/plugin-transform-react-jsx-development@^7.14.5":
  "integrity" "sha1-Gmxz4vftLELuvD0q1gsMdJT8ua8="
  "resolved" "https://registry.npmmirror.com/@babel/plugin-transform-react-jsx-development/download/@babel/plugin-transform-react-jsx-development-7.14.5.tgz"
  "version" "7.14.5"
  dependencies:
    "@babel/plugin-transform-react-jsx" "^7.14.5"

"@babel/plugin-transform-react-jsx-self@^7.14.9":
  "integrity" "sha1-MwQeZlRTOR627lSi7PO6HUa9MPQ="
  "resolved" "https://registry.npmmirror.com/@babel/plugin-transform-react-jsx-self/download/@babel/plugin-transform-react-jsx-self-7.14.9.tgz"
  "version" "7.14.9"
  dependencies:
    "@babel/helper-plugin-utils" "^7.14.5"

"@babel/plugin-transform-react-jsx-source@^7.14.5":
  "integrity" "sha1-efco5g5tvTGiuGCwv2yXZZGKzx0="
  "resolved" "https://registry.npmmirror.com/@babel/plugin-transform-react-jsx-source/download/@babel/plugin-transform-react-jsx-source-7.14.5.tgz"
  "version" "7.14.5"
  dependencies:
    "@babel/helper-plugin-utils" "^7.14.5"

"@babel/plugin-transform-react-jsx@^7.14.5", "@babel/plugin-transform-react-jsx@^7.14.9":
  "integrity" "sha1-MxSyFjAzq6xSAKhpxN4kLNUKkUw="
  "resolved" "https://registry.npmmirror.com/@babel/plugin-transform-react-jsx/download/@babel/plugin-transform-react-jsx-7.14.9.tgz"
  "version" "7.14.9"
  dependencies:
    "@babel/helper-annotate-as-pure" "^7.14.5"
    "@babel/helper-module-imports" "^7.14.5"
    "@babel/helper-plugin-utils" "^7.14.5"
    "@babel/plugin-syntax-jsx" "^7.14.5"
    "@babel/types" "^7.14.9"

"@babel/runtime@^7.1.2", "@babel/runtime@^7.12.1", "@babel/runtime@^7.12.13", "@babel/runtime@^7.2.0":
  "integrity" "sha1-/RfRa/34eObdAtGXU6OfqKjZyEo="
  "resolved" "https://registry.npmmirror.com/@babel/runtime/download/@babel/runtime-7.15.4.tgz"
  "version" "7.15.4"
  dependencies:
    "regenerator-runtime" "^0.13.4"

"@babel/template@^7.15.4":
  "integrity" "sha1-UYmNNdzz+qZwxO5q/P1RfuE58ZQ="
  "resolved" "https://registry.npmmirror.com/@babel/template/download/@babel/template-7.15.4.tgz"
  "version" "7.15.4"
  dependencies:
    "@babel/code-frame" "^7.14.5"
    "@babel/parser" "^7.15.4"
    "@babel/types" "^7.15.4"

"@babel/traverse@^7.15.4":
  "integrity" "sha1-/4UQNnoUS/v/VS2eGOKPPiiJwi0="
  "resolved" "https://registry.npmmirror.com/@babel/traverse/download/@babel/traverse-7.15.4.tgz"
  "version" "7.15.4"
  dependencies:
    "@babel/code-frame" "^7.14.5"
    "@babel/generator" "^7.15.4"
    "@babel/helper-function-name" "^7.15.4"
    "@babel/helper-hoist-variables" "^7.15.4"
    "@babel/helper-split-export-declaration" "^7.15.4"
    "@babel/parser" "^7.15.4"
    "@babel/types" "^7.15.4"
    "debug" "^4.1.0"
    "globals" "^11.1.0"

"@babel/types@^7.14.9", "@babel/types@^7.15.4", "@babel/types@^7.15.6":
  "integrity" "sha1-mavcSCGLKIHAWN0KerBbmcm+dY8="
  "resolved" "https://registry.npmmirror.com/@babel/types/download/@babel/types-7.15.6.tgz?cache=0&sync_timestamp=1632771291609&other_urls=https%3A%2F%2Fregistry.npmmirror.com%2F%40babel%2Ftypes%2Fdownload%2F%40babel%2Ftypes-7.15.6.tgz"
  "version" "7.15.6"
  dependencies:
    "@babel/helper-validator-identifier" "^7.14.9"
    "to-fast-properties" "^2.0.0"

"@eva/eva.js@^1.2.2-type.1", "@eva/eva.js@1.2.2-type.1":
  "integrity" "sha512-9FxTN0MGreO50refGDdrfCgx63G3STXYC9Z5ARvboPWgT/CX54XqsQrWEtvE/1kEtf5NmuDbYmXoyUPgBUODGg=="
  "resolved" "https://registry.npmjs.org/@eva/eva.js/-/eva.js-1.2.2-type.1.tgz"
  "version" "1.2.2-type.1"
  dependencies:
    "@eva/inspector-decorator" "^0.0.5"
    "eventemitter3" "^3.1.2"
    "lodash-es" "^4.17.21"
    "mini-signals" "^1.2.0"
    "parse-uri" "^1.0.3"
    "resource-loader" "^4.0.0-rc4"
    "sprite-timeline" "^1.10.2"

"@eva/eva.js@1.3.0-alpha.1":
  "integrity" "sha512-zLG7n6LGyX8luvd4JGb/yMMdIo8SZoGn+5m9RCINlUEFOFlE5CwHSpoxQtf8h5H7CFGnPrjGwczh1pBnxE5zPw=="
  "resolved" "https://registry.npmjs.org/@eva/eva.js/-/eva.js-1.3.0-alpha.1.tgz"
  "version" "1.3.0-alpha.1"
  dependencies:
    "@eva/inspector-decorator" "^0.0.5"
    "eventemitter3" "^3.1.2"
    "lodash-es" "^4.17.21"
    "mini-signals" "^1.2.0"
    "parse-uri" "^1.0.3"
    "resource-loader" "^4.0.0-rc4"
    "sprite-timeline" "^1.10.2"

"@eva/inspector-decorator@^0.0.5":
  "integrity" "sha1-2mggYkmhUB6bXwQ/r2QxkxATfLs="
  "resolved" "https://registry.npmmirror.com/@eva/inspector-decorator/download/@eva/inspector-decorator-0.0.5.tgz"
  "version" "0.0.5"

"@eva/plugin-matterjs@^1.2.2-type.1":
  "integrity" "sha512-2BKaoeyWvSEmo3+lMO02Hh4NUp1zYmYRl77nG0TNBrUZIaJe9tXjMk/sT4/0oKP782qwgj54RxirvJgpbw1E+w=="
  "resolved" "https://registry.npmjs.org/@eva/plugin-matterjs/-/plugin-matterjs-1.2.2-type.1.tgz"
  "version" "1.2.2-type.1"
  dependencies:
    "@eva/eva.js" "1.2.2-type.1"
    "@types/matter-js" "^0.17.5"
    "poly-decomp" "^0.3.0"

"@eva/plugin-renderer-event@^1.2.2-type.1":
  "integrity" "sha512-lQNp/vlfEjDepELag3/8S4HvXWCnSgRQWCDbwjDKrixCttXRFjgySQ9qrDDJqw8as2OcApuVZq36XWXeoZJuhg=="
  "resolved" "https://registry.npmjs.org/@eva/plugin-renderer-event/-/plugin-renderer-event-1.2.2-type.1.tgz"
  "version" "1.2.2-type.1"
  dependencies:
    "@eva/eva.js" "1.2.2-type.1"
    "@eva/plugin-renderer" "1.2.2-type.1"
    "pixi.js" "^4.8.7"

"@eva/plugin-renderer-graphics@^1.2.2-type.1":
  "integrity" "sha512-RQV6KTihhcHuzBZiqqf238Tkzh0wEgaV+XmgLvkaqcci83DEdt08Fn6KXv7g4gLOJC9V9+t5/oPo4Xn+sCx2Jg=="
  "resolved" "https://registry.npmjs.org/@eva/plugin-renderer-graphics/-/plugin-renderer-graphics-1.2.2-type.1.tgz"
  "version" "1.2.2-type.1"
  dependencies:
    "@eva/eva.js" "1.2.2-type.1"
    "@eva/plugin-renderer" "1.2.2-type.1"

"@eva/plugin-renderer-img@^1.2.2-type.1":
  "integrity" "sha512-CW/GdiU+iqbZUmkguWNmAkHxGwA6odJweWcqrvwUb/r51O/n786jUSVlnzZieI3EUObuzyMCkbWmKAAI3mqGTw=="
  "resolved" "https://registry.npmjs.org/@eva/plugin-renderer-img/-/plugin-renderer-img-1.2.2-type.1.tgz"
  "version" "1.2.2-type.1"
  dependencies:
    "@eva/eva.js" "1.2.2-type.1"
    "@eva/inspector-decorator" "^0.0.5"
    "@eva/plugin-renderer" "1.2.2-type.1"
    "@eva/renderer-adapter" "1.2.2-type.1"
    "pixi.js" "^4.8.7"

"@eva/plugin-renderer-particles@^1.3.0-alpha.1":
  "integrity" "sha1-QQH4VcKzBSDLC+U91F5JdufBH/8="
  "resolved" "https://registry.npmmirror.com/@eva/plugin-renderer-particles/download/@eva/plugin-renderer-particles-1.3.0-alpha.1.tgz"
  "version" "1.3.0-alpha.1"
  dependencies:
    "@eva/eva.js" "1.3.0-alpha.1"
    "@eva/plugin-renderer" "1.3.0-alpha.1"
    "@eva/renderer-adapter" "1.3.0-alpha.1"
    "pixi.js" "^4.8.9"

"@eva/plugin-renderer-render@^1.2.2-type.1":
  "integrity" "sha512-gsCYlI/KaDpraCMeVDYmQJjNvaM4f+i5F1WJiBR05k/Apie1bcPxrqjLpOrzCKqdEJEAEUhh/W6TjWjyidN21w=="
  "resolved" "https://registry.npmjs.org/@eva/plugin-renderer-render/-/plugin-renderer-render-1.2.2-type.1.tgz"
  "version" "1.2.2-type.1"
  dependencies:
    "@eva/eva.js" "1.2.2-type.1"
    "@eva/inspector-decorator" "^0.0.5"
    "@eva/plugin-renderer" "1.2.2-type.1"
    "@eva/renderer-adapter" "1.2.2-type.1"
    "pixi.js" "^4.8.7"

"@eva/plugin-renderer-sprite-animation@^1.2.2-type.1":
  "integrity" "sha512-xm2zTr119KjDdAokq1eqLRGX7myriz+ARdP0M+HF5rtrisfBebHapjhsEP1aH53w3CGbQKEQu/exWVUlyj4RiQ=="
  "resolved" "https://registry.npmjs.org/@eva/plugin-renderer-sprite-animation/-/plugin-renderer-sprite-animation-1.2.2-type.1.tgz"
  "version" "1.2.2-type.1"
  dependencies:
    "@eva/eva.js" "1.2.2-type.1"
    "@eva/inspector-decorator" "^0.0.5"
    "@eva/plugin-renderer" "1.2.2-type.1"
    "@eva/renderer-adapter" "1.2.2-type.1"
    "pixi.js" "^4.8.7"

"@eva/plugin-renderer-text@^1.2.2-type.1":
  "integrity" "sha512-JJ1eGoGmbvtS4g8Hp6giChCr7weoEgWz9+0n1ijbbaGzOQl64JjuoMtqcSy2CuprrvgaVTPJ7bpag1pIVzVrHA=="
  "resolved" "https://registry.npmjs.org/@eva/plugin-renderer-text/-/plugin-renderer-text-1.2.2-type.1.tgz"
  "version" "1.2.2-type.1"
  dependencies:
    "@eva/eva.js" "1.2.2-type.1"
    "@eva/inspector-decorator" "^0.0.5"
    "@eva/plugin-renderer" "1.2.2-type.1"
    "@eva/renderer-adapter" "1.2.2-type.1"
    "pixi.js" "^4.8.7"

"@eva/plugin-renderer-tiling-sprite@^1.2.2-type.1":
  "integrity" "sha512-ut/cgc2m4KJDqENgOPtxFxGatAIvqs8VD7i9Smqf5ng0J4QYg7LcBM+SBdRJcRxNBJFaFhv2RY4XC4OyXrqusQ=="
  "resolved" "https://registry.npmjs.org/@eva/plugin-renderer-tiling-sprite/-/plugin-renderer-tiling-sprite-1.2.2-type.1.tgz"
  "version" "1.2.2-type.1"
  dependencies:
    "@eva/eva.js" "1.2.2-type.1"
    "@eva/inspector-decorator" "^0.0.5"
    "@eva/plugin-renderer" "1.2.2-type.1"
    "@eva/renderer-adapter" "1.2.2-type.1"
    "@types/pixi.js" "^4.8.9"

"@eva/plugin-renderer@^1.2.2-type.1", "@eva/plugin-renderer@1.2.2-type.1":
  "integrity" "sha512-fdbT12Cdrt4r73FM/o+onVezwSj9ygh8GRsXMidt9+B6kWbm1uGO8KLUoYCOBNT3+ce8LG2Rvcxg8k0lOiE3yA=="
  "resolved" "https://registry.npmjs.org/@eva/plugin-renderer/-/plugin-renderer-1.2.2-type.1.tgz"
  "version" "1.2.2-type.1"
  dependencies:
    "@eva/eva.js" "1.2.2-type.1"
    "@eva/renderer-adapter" "1.2.2-type.1"
    "@types/pixi.js" "^4.8.9"
    "eventemitter3" "^3.1.2"
    "lodash-es" "^4.17.21"
    "pixi.js" "^4.8.9"

"@eva/plugin-renderer@1.3.0-alpha.1":
  "integrity" "sha512-CWLGa93Tva00DOAprCsWNiJMmFe01wm8aO7XwqjCWe7xVfexu1Rdz8ce+bOh5lCzZo140jrfbKBzcNzAjBLCGg=="
  "resolved" "https://registry.npmjs.org/@eva/plugin-renderer/-/plugin-renderer-1.3.0-alpha.1.tgz"
  "version" "1.3.0-alpha.1"
  dependencies:
    "@eva/eva.js" "1.3.0-alpha.1"
    "@eva/renderer-adapter" "1.3.0-alpha.1"
    "@types/pixi.js" "^4.8.9"
    "eventemitter3" "^3.1.2"
    "lodash-es" "^4.17.21"
    "pixi.js" "^4.8.9"

"@eva/plugin-sound@^1.2.2-type.1":
  "integrity" "sha512-Ek4YrJ7UPFqRTRsK6L2DELneuF9NtEUlS3hS+r3FbGIRY1WhzaFCuFRhtmNdOAz5qZseMAVkP/+mXvjASdj+kA=="
  "resolved" "https://registry.npmjs.org/@eva/plugin-sound/-/plugin-sound-1.2.2-type.1.tgz"
  "version" "1.2.2-type.1"
  dependencies:
    "@eva/eva.js" "1.2.2-type.1"
    "eventemitter3" "^3.1.2"

"@eva/plugin-transition@^1.2.2-type.1":
  "integrity" "sha512-beVIi+uInWLAy0Ri49mq3FZV/4TlRKt5j7XZ0K/s1wCyMbS99AUFKBMDAk9tLlx+ztN26aa+xSq/OSD8l5gn+A=="
  "resolved" "https://registry.npmjs.org/@eva/plugin-transition/-/plugin-transition-1.2.2-type.1.tgz"
  "version" "1.2.2-type.1"
  dependencies:
    "@eva/eva.js" "1.2.2-type.1"
    "@tweenjs/tween.js" "^18.6.4"
    "sprite-timeline" "^1.10.2"

"@eva/renderer-adapter@^1.2.2-type.1", "@eva/renderer-adapter@1.2.2-type.1":
  "integrity" "sha512-/DE/3w6PzzD+AoZ4UMLJlA7xAQYZzwdjQqa2nT1CED84D91Lv2J7XEpMC6brlqwWWOxoLdCBEhouuWzIn0/tzg=="
  "resolved" "https://registry.npmjs.org/@eva/renderer-adapter/-/renderer-adapter-1.2.2-type.1.tgz"
  "version" "1.2.2-type.1"
  dependencies:
    "@types/pixi.js" "^4.8.9"
    "pixi.js" "^4.8.9"

"@eva/renderer-adapter@1.3.0-alpha.1":
  "integrity" "sha512-RlUO4H66LS7KVq6wKMheXMSFOL+/tIf8WXVi3axhbO0lWJExpHB8FDnk5iDmUS0yq1VArZYyvSE4BR5+gm4csQ=="
  "resolved" "https://registry.npmjs.org/@eva/renderer-adapter/-/renderer-adapter-1.3.0-alpha.1.tgz"
  "version" "1.3.0-alpha.1"
  dependencies:
    "@types/pixi.js" "^4.8.9"
    "pixi.js" "^4.8.9"

"@rollup/pluginutils@^4.1.1":
  "integrity" "sha1-HU2obdTt7RVlalfZM/2iuaCNR+w="
  "resolved" "https://registry.npmmirror.com/@rollup/pluginutils/download/@rollup/pluginutils-4.1.1.tgz"
  "version" "4.1.1"
  dependencies:
    "estree-walker" "^2.0.1"
    "picomatch" "^2.2.2"

"@tweenjs/tween.js@^18.6.4":
  "integrity" "sha1-QKPQqTZHEkhy3sjg/RvVkmaVtso="
  "resolved" "https://registry.npmmirror.com/@tweenjs/tween.js/download/@tweenjs/tween.js-18.6.4.tgz"
  "version" "18.6.4"

"@types/history@*":
  "integrity" "sha1-HPttYO84IsWJ8Y5w+LEvmijOhyQ="
  "resolved" "https://registry.npmmirror.com/@types/history/download/@types/history-4.7.9.tgz"
  "version" "4.7.9"

"@types/matter-js@^0.17.5":
  "integrity" "sha1-UluzOnKJEF4Zge9RuYeXL6lzkBE="
  "resolved" "https://registry.npmmirror.com/@types/matter-js/download/@types/matter-js-0.17.6.tgz"
  "version" "0.17.6"

"@types/pixi.js@^4.8.9":
  "integrity" "sha1-IH2HGfZV2E6qKK3Ps8YuQURQ3FY="
  "resolved" "https://registry.npmmirror.com/@types/pixi.js/download/@types/pixi.js-4.8.9.tgz"
  "version" "4.8.9"

"@types/prop-types@*":
  "integrity" "sha1-/PcgXCXf95Xuea8eMNosl5CAjxE="
  "resolved" "https://registry.npmmirror.com/@types/prop-types/download/@types/prop-types-15.7.4.tgz"
  "version" "15.7.4"

"@types/react-dom@^17.0.0":
  "integrity" "sha1-1pcuwBjSPPIrmVl/Eok0PZnqnZ0="
  "resolved" "https://registry.npmmirror.com/@types/react-dom/download/@types/react-dom-17.0.10.tgz?cache=0&sync_timestamp=1634722959137&other_urls=https%3A%2F%2Fregistry.npmmirror.com%2F%40types%2Freact-dom%2Fdownload%2F%40types%2Freact-dom-17.0.10.tgz"
  "version" "17.0.10"
  dependencies:
    "@types/react" "*"

"@types/react-router-dom@^5.3.2":
  "integrity" "sha1-69jhRc8FbbXGbrHaxjxy9S6FQu4="
  "resolved" "https://registry.npmmirror.com/@types/react-router-dom/download/@types/react-router-dom-5.3.2.tgz?cache=0&sync_timestamp=1635230311105&other_urls=https%3A%2F%2Fregistry.npmmirror.com%2F%40types%2Freact-router-dom%2Fdownload%2F%40types%2Freact-router-dom-5.3.2.tgz"
  "version" "5.3.2"
  dependencies:
    "@types/history" "*"
    "@types/react" "*"
    "@types/react-router" "*"

"@types/react-router@*":
  "integrity" "sha1-CHCRAGITsRBC85Vw5c1BSGNpOWg="
  "resolved" "https://registry.npmmirror.com/@types/react-router/download/@types/react-router-5.1.17.tgz"
  "version" "5.1.17"
  dependencies:
    "@types/history" "*"
    "@types/react" "*"

"@types/react@*", "@types/react@^17.0.0":
  "integrity" "sha1-4Brj3nYT2sEJRWmIC7N5JzIgOtU="
  "resolved" "https://registry.npmmirror.com/@types/react/download/@types/react-17.0.33.tgz?cache=0&sync_timestamp=1635212340713&other_urls=https%3A%2F%2Fregistry.npmmirror.com%2F%40types%2Freact%2Fdownload%2F%40types%2Freact-17.0.33.tgz"
  "version" "17.0.33"
  dependencies:
    "@types/prop-types" "*"
    "@types/scheduler" "*"
    "csstype" "^3.0.2"

"@types/scheduler@*":
  "integrity" "sha1-GmL4lSVyPd4kuhsBsJK/XfitTTk="
  "resolved" "https://registry.npmmirror.com/@types/scheduler/download/@types/scheduler-0.16.2.tgz"
  "version" "0.16.2"

"@uni/env@^1.0.0":
  "integrity" "sha512-qSyMTfk/v15FsJiehe5ICd3OVj9oq+0f+IXYEd3fdkzL4FFsxCSMGgi0LEUUhDXA8qVnJyiflwUtMrqDaZQo3w=="
  "resolved" "https://registry.npmjs.org/@uni/env/-/env-1.0.7.tgz"
  "version" "1.0.7"

"@vitejs/plugin-react@^1.0.0":
  "integrity" "sha1-jaUBE3B4yMt5HPJhHyPee5atVJQ="
  "resolved" "https://registry.npmmirror.com/@vitejs/plugin-react/download/@vitejs/plugin-react-1.0.5.tgz"
  "version" "1.0.5"
  dependencies:
    "@babel/core" "^7.15.5"
    "@babel/plugin-transform-react-jsx" "^7.14.9"
    "@babel/plugin-transform-react-jsx-development" "^7.14.5"
    "@babel/plugin-transform-react-jsx-self" "^7.14.9"
    "@babel/plugin-transform-react-jsx-source" "^7.14.5"
    "@rollup/pluginutils" "^4.1.1"
    "react-refresh" "^0.10.0"
    "resolve" "^1.20.0"

"ansi-styles@^3.2.1":
  "integrity" "sha1-QfuyAkPlCxK+DwS43tvwdSDOhB0="
  "resolved" "https://registry.npmmirror.com/ansi-styles/download/ansi-styles-3.2.1.tgz?cache=0&sync_timestamp=1632467368382&other_urls=https%3A%2F%2Fregistry.npmmirror.com%2Fansi-styles%2Fdownload%2Fansi-styles-3.2.1.tgz"
  "version" "3.2.1"
  dependencies:
    "color-convert" "^1.9.0"

"argparse@^1.0.10":
  "integrity" "sha512-o5Roy6tNG4SL/FOkCAN6RzjiakZS25RLYFrcMttJqbdd8BWrnA+fGz57iN5Pb06pvBGvl5gQ0B48dJlslXvoTg=="
  "resolved" "https://registry.npmjs.org/argparse/-/argparse-1.0.10.tgz"
  "version" "1.0.10"
  dependencies:
    "sprintf-js" "~1.0.2"

"axios@^0.24.0":
  "integrity" "sha1-gE5voeS5xSiFAd2d/1anoJQNINY="
  "resolved" "https://registry.npmmirror.com/axios/download/axios-0.24.0.tgz"
  "version" "0.24.0"
  dependencies:
    "follow-redirects" "^1.14.4"

"babel-runtime@^6.26.0":
  "integrity" "sha1-llxwWGaOgrVde/4E/yM3vItWR/4="
  "resolved" "https://registry.npmmirror.com/babel-runtime/download/babel-runtime-6.26.0.tgz"
  "version" "6.26.0"
  dependencies:
    "core-js" "^2.4.0"
    "regenerator-runtime" "^0.11.0"

"bit-twiddle@^1.0.2":
  "integrity" "sha1-DGwfq+KyPRcXPZpht7cJPrnhdp4="
  "resolved" "https://registry.npmmirror.com/bit-twiddle/download/bit-twiddle-1.0.2.tgz"
  "version" "1.0.2"

"browserslist@^4.16.6":
  "integrity" "sha1-yCe74XKkwisSP14zdTPO66391Vk="
  "resolved" "https://registry.npmmirror.com/browserslist/download/browserslist-4.17.5.tgz?cache=0&sync_timestamp=1635095441138&other_urls=https%3A%2F%2Fregistry.npmmirror.com%2Fbrowserslist%2Fdownload%2Fbrowserslist-4.17.5.tgz"
  "version" "4.17.5"
  dependencies:
    "caniuse-lite" "^1.0.30001271"
    "electron-to-chromium" "^1.3.878"
    "escalade" "^3.1.1"
    "node-releases" "^2.0.1"
    "picocolors" "^1.0.0"

"caniuse-lite@^1.0.30001271":
  "integrity" "sha1-jpeQ/5lenrbh9MRc0H3aqHzduxQ="
  "resolved" "https://registry.npmmirror.com/caniuse-lite/download/caniuse-lite-1.0.30001272.tgz?cache=0&sync_timestamp=1635415134696&other_urls=https%3A%2F%2Fregistry.npmmirror.com%2Fcaniuse-lite%2Fdownload%2Fcaniuse-lite-1.0.30001272.tgz"
  "version" "1.0.30001272"

"chalk@^2.0.0":
  "integrity" "sha1-zUJUFnelQzPPVBpJEIwUMrRMlCQ="
  "resolved" "https://registry.npmmirror.com/chalk/download/chalk-2.4.2.tgz"
  "version" "2.4.2"
  dependencies:
    "ansi-styles" "^3.2.1"
    "escape-string-regexp" "^1.0.5"
    "supports-color" "^5.3.0"

"color-convert@^1.9.0":
  "integrity" "sha1-u3GFBpDh8TZWfeYp0tVHHe2kweg="
  "resolved" "https://registry.npmmirror.com/color-convert/download/color-convert-1.9.3.tgz"
  "version" "1.9.3"
  dependencies:
    "color-name" "1.1.3"

"color-name@1.1.3":
  "integrity" "sha1-p9BVi9icQveV3UIyj3QIMcpTvCU="
  "resolved" "https://registry.npmmirror.com/color-name/download/color-name-1.1.3.tgz"
  "version" "1.1.3"

"convert-source-map@^1.7.0":
  "integrity" "sha1-8zc8MtIbTXgN2ABFFGhPt5HKQ2k="
  "resolved" "https://registry.npmmirror.com/convert-source-map/download/convert-source-map-1.8.0.tgz"
  "version" "1.8.0"
  dependencies:
    "safe-buffer" "~5.1.1"

"core-js@^2.4.0":
  "integrity" "sha1-2TM9+nsGXjR8xWgiGdb2kIWcwuw="
  "resolved" "https://registry.npmmirror.com/core-js/download/core-js-2.6.12.tgz?cache=0&sync_timestamp=1635142905717&other_urls=https%3A%2F%2Fregistry.npmmirror.com%2Fcore-js%2Fdownload%2Fcore-js-2.6.12.tgz"
  "version" "2.6.12"

"csstype@^3.0.2":
  "integrity" "sha1-ZBCvMbJr0FIJM9AsvGT86c4/vws="
  "resolved" "https://registry.npmmirror.com/csstype/download/csstype-3.0.9.tgz"
  "version" "3.0.9"

"debug@^4.1.0":
  "integrity" "sha1-8KScGKyHeeMdSgxgKd+3aHPHQos="
  "resolved" "https://registry.npmmirror.com/debug/download/debug-4.3.2.tgz"
  "version" "4.3.2"
  dependencies:
    "ms" "2.1.2"

"driver-server@^1.0.0":
  "integrity" "sha512-H5nhMzsSJYaug+PDPyXiVW2KvK5k7B7K+yVW3FuHESq494Soh1cfomquJ2pk5RiApQr1z0e+0tif11TVRlM+PQ=="
  "resolved" "https://registry.npmjs.org/driver-server/-/driver-server-1.0.0.tgz"
  "version" "1.0.0"

"earcut@^2.1.4":
  "integrity" "sha1-1EztL/WhiFlWjjJ92cfUaxb1XPQ="
  "resolved" "https://registry.npmmirror.com/earcut/download/earcut-2.2.3.tgz"
  "version" "2.2.3"

"electron-to-chromium@^1.3.878":
  "integrity" "sha1-DNjDqAJx/YSoHyhMYPs8nsszwWY="
  "resolved" "https://registry.npmmirror.com/electron-to-chromium/download/electron-to-chromium-1.3.884.tgz"
  "version" "1.3.884"

"esbuild-darwin-arm64@0.13.10":
  "integrity" "sha1-RWoES3idXSVq+NJkMU2lIXyp/NE="
  "resolved" "https://registry.npmmirror.com/esbuild-darwin-arm64/download/esbuild-darwin-arm64-0.13.10.tgz?cache=0&sync_timestamp=1635405329069&other_urls=https%3A%2F%2Fregistry.npmmirror.com%2Fesbuild-darwin-arm64%2Fdownload%2Fesbuild-darwin-arm64-0.13.10.tgz"
  "version" "0.13.10"

"esbuild@^0.13.2":
  "integrity" "sha1-49JNWfHYshMNdGyoWO/LgOHZmyY="
  "resolved" "https://registry.npmmirror.com/esbuild/download/esbuild-0.13.10.tgz?cache=0&sync_timestamp=1635405326865&other_urls=https%3A%2F%2Fregistry.npmmirror.com%2Fesbuild%2Fdownload%2Fesbuild-0.13.10.tgz"
  "version" "0.13.10"
  optionalDependencies:
    "esbuild-android-arm64" "0.13.10"
    "esbuild-darwin-64" "0.13.10"
    "esbuild-darwin-arm64" "0.13.10"
    "esbuild-freebsd-64" "0.13.10"
    "esbuild-freebsd-arm64" "0.13.10"
    "esbuild-linux-32" "0.13.10"
    "esbuild-linux-64" "0.13.10"
    "esbuild-linux-arm" "0.13.10"
    "esbuild-linux-arm64" "0.13.10"
    "esbuild-linux-mips64le" "0.13.10"
    "esbuild-linux-ppc64le" "0.13.10"
    "esbuild-netbsd-64" "0.13.10"
    "esbuild-openbsd-64" "0.13.10"
    "esbuild-sunos-64" "0.13.10"
    "esbuild-windows-32" "0.13.10"
    "esbuild-windows-64" "0.13.10"
    "esbuild-windows-arm64" "0.13.10"

"escalade@^3.1.1":
  "integrity" "sha1-2M/ccACWXFoBdLSoLqpcBVJ0LkA="
  "resolved" "https://registry.npmmirror.com/escalade/download/escalade-3.1.1.tgz"
  "version" "3.1.1"

"escape-string-regexp@^1.0.5":
  "integrity" "sha1-G2HAViGQqN/2rjuyzwIAyhMLhtQ="
  "resolved" "https://registry.npmmirror.com/escape-string-regexp/download/escape-string-regexp-1.0.5.tgz"
  "version" "1.0.5"

"estree-walker@^2.0.1":
  "integrity" "sha1-UvAQF4wqTBF6d1fP6UKtt9LaTKw="
  "resolved" "https://registry.npmmirror.com/estree-walker/download/estree-walker-2.0.2.tgz"
  "version" "2.0.2"

"eventemitter3@^2.0.0":
  "integrity" "sha1-teEHm1n7XhuidxwKmTvgYKWMmbo="
  "resolved" "https://registry.npmmirror.com/eventemitter3/download/eventemitter3-2.0.3.tgz"
  "version" "2.0.3"

"eventemitter3@^3.1.2":
  "integrity" "sha1-LT1I+cNGaY/Og6hdfWZOmFNd9uc="
  "resolved" "https://registry.npmmirror.com/eventemitter3/download/eventemitter3-3.1.2.tgz"
  "version" "3.1.2"

"eventemitter3@^4.0.7":
  "integrity" "sha1-Lem2j2Uo1WRO9cWVJqG0oHMGFp8="
  "resolved" "https://registry.npmmirror.com/eventemitter3/download/eventemitter3-4.0.7.tgz"
  "version" "4.0.7"

"follow-redirects@^1.14.4":
  "integrity" "sha1-g4/fSKi73XnlLuUfsclOPtmLk3k="
  "resolved" "https://registry.npmmirror.com/follow-redirects/download/follow-redirects-1.14.4.tgz"
  "version" "1.14.4"

"fsevents@~2.3.2":
  "integrity" "sha1-ilJveLj99GI7cJ4Ll1xSwkwC/Ro="
  "resolved" "https://registry.npmmirror.com/fsevents/download/fsevents-2.3.2.tgz"
  "version" "2.3.2"

"function-bind@^1.1.1":
  "integrity" "sha1-pWiZ0+o8m6uHS7l3O3xe3pL0iV0="
  "resolved" "https://registry.npmmirror.com/function-bind/download/function-bind-1.1.1.tgz"
  "version" "1.1.1"

"gensync@^1.0.0-beta.2":
  "integrity" "sha1-MqbudsPX9S1GsrGuXZP+qFgKJeA="
  "resolved" "https://registry.npmmirror.com/gensync/download/gensync-1.0.0-beta.2.tgz"
  "version" "1.0.0-beta.2"

"globals@^11.1.0":
  "integrity" "sha1-q4eVM4hooLq9hSV1gBjCp+uVxC4="
  "resolved" "https://registry.npmmirror.com/globals/download/globals-11.12.0.tgz"
  "version" "11.12.0"

"has-flag@^3.0.0":
  "integrity" "sha1-tdRU3CGZriJWmfNGfloH87lVuv0="
  "resolved" "https://registry.npmmirror.com/has-flag/download/has-flag-3.0.0.tgz"
  "version" "3.0.0"

"has@^1.0.3":
  "integrity" "sha1-ci18v8H2qoJB8W3YFOAR4fQeh5Y="
  "resolved" "https://registry.npmmirror.com/has/download/has-1.0.3.tgz"
  "version" "1.0.3"
  dependencies:
    "function-bind" "^1.1.1"

"history@^4.9.0":
  "integrity" "sha1-MzcaZeOoOyZ0NOKz87G0xYqtTPM="
  "resolved" "https://registry.npmmirror.com/history/download/history-4.10.1.tgz"
  "version" "4.10.1"
  dependencies:
    "@babel/runtime" "^7.1.2"
    "loose-envify" "^1.2.0"
    "resolve-pathname" "^3.0.0"
    "tiny-invariant" "^1.0.2"
    "tiny-warning" "^1.0.0"
    "value-equal" "^1.0.1"

"hoist-non-react-statics@^3.1.0":
  "integrity" "sha1-7OCsr3HWLClpwuxZ/v9CpLGoW0U="
  "resolved" "https://registry.npmmirror.com/hoist-non-react-statics/download/hoist-non-react-statics-3.3.2.tgz?cache=0&sync_timestamp=1632754389310&other_urls=https%3A%2F%2Fregistry.npmmirror.com%2Fhoist-non-react-statics%2Fdownload%2Fhoist-non-react-statics-3.3.2.tgz"
  "version" "3.3.2"
  dependencies:
    "react-is" "^16.7.0"

"image-size@^0.7.4":
  "integrity" "sha512-Hiyv+mXHfFEP7LzUL/llg9RwFxxY+o9N3JVLIeG5E7iFIFAalxvRU9UZthBdYDEVnzHMgjnKJPPpay5BWf1g9g=="
  "resolved" "https://registry.npmjs.org/image-size/-/image-size-0.7.5.tgz"
  "version" "0.7.5"

"is-core-module@^2.2.0":
  "integrity" "sha1-AyEzbD0JJeSX/Zf12VyxFKXM1Ug="
  "resolved" "https://registry.npmmirror.com/is-core-module/download/is-core-module-2.8.0.tgz?cache=0&sync_timestamp=1634237212414&other_urls=https%3A%2F%2Fregistry.npmmirror.com%2Fis-core-module%2Fdownload%2Fis-core-module-2.8.0.tgz"
  "version" "2.8.0"
  dependencies:
    "has" "^1.0.3"

"isarray@0.0.1":
  "integrity" "sha1-ihis/Kmo9Bd+Cav8YDiTmwXR7t8="
  "resolved" "https://registry.npmmirror.com/isarray/download/isarray-0.0.1.tgz"
  "version" "0.0.1"

"ismobilejs@^0.5.1":
  "integrity" "sha1-6Bus9hh8UyrYNINV9P7Nbmrf3OE="
  "resolved" "https://registry.npmmirror.com/ismobilejs/download/ismobilejs-0.5.2.tgz"
  "version" "0.5.2"

"js-tokens@^3.0.0 || ^4.0.0", "js-tokens@^4.0.0":
  "integrity" "sha1-GSA/tZmR35jjoocFDUZHzerzJJk="
  "resolved" "https://registry.npmmirror.com/js-tokens/download/js-tokens-4.0.0.tgz"
  "version" "4.0.0"

"jsesc@^2.5.1":
  "integrity" "sha1-gFZNLkg9rPbo7yCWUKZ98/DCg6Q="
  "resolved" "https://registry.npmmirror.com/jsesc/download/jsesc-2.5.2.tgz"
  "version" "2.5.2"

"json5@^2.1.2":
  "integrity" "sha1-Lf7+cgxrpSXZ69kJlQ8FFTFsiaM="
  "resolved" "https://registry.npmmirror.com/json5/download/json5-2.2.0.tgz"
  "version" "2.2.0"
  dependencies:
    "minimist" "^1.2.5"

"lodash-es@^4.17.21":
  "integrity" "sha1-Q+YmxG5lkbd1C+srUBFzkMYJ4+4="
  "resolved" "https://registry.npmmirror.com/lodash-es/download/lodash-es-4.17.21.tgz"
  "version" "4.17.21"

"loose-envify@^1.1.0", "loose-envify@^1.2.0", "loose-envify@^1.3.1", "loose-envify@^1.4.0":
  "integrity" "sha1-ce5R+nvkyuwaY4OffmgtgTLTDK8="
  "resolved" "https://registry.npmmirror.com/loose-envify/download/loose-envify-1.4.0.tgz"
  "version" "1.4.0"
  dependencies:
    "js-tokens" "^3.0.0 || ^4.0.0"

"mini-create-react-context@^0.4.0":
  "integrity" "sha1-ByFxVhv9ySLaCKYMIZekl8wtHV4="
  "resolved" "https://registry.npmmirror.com/mini-create-react-context/download/mini-create-react-context-0.4.1.tgz"
  "version" "0.4.1"
  dependencies:
    "@babel/runtime" "^7.12.1"
    "tiny-warning" "^1.0.3"

"mini-signals@^1.1.1", "mini-signals@^1.2.0":
  "integrity" "sha1-RbCAE8X65RokqhqTXNMXye1yHXQ="
  "resolved" "https://registry.npmmirror.com/mini-signals/download/mini-signals-1.2.0.tgz"
  "version" "1.2.0"

"minimist@^1.2.5":
  "integrity" "sha1-Z9ZgFLZqaoqqDAg8X9WN9OTpdgI="
  "resolved" "https://registry.npmmirror.com/minimist/download/minimist-1.2.5.tgz"
  "version" "1.2.5"

"ms@2.1.2":
  "integrity" "sha1-0J0fNXtEP0kzgqjrPM0YOHKuYAk="
  "resolved" "https://registry.npmmirror.com/ms/download/ms-2.1.2.tgz"
  "version" "2.1.2"

"nanoid@^3.1.30":
  "integrity" "sha1-Y/k8xUjSoRPcXfvGO/oJ4rm2Q2I="
  "resolved" "https://registry.npmmirror.com/nanoid/download/nanoid-3.1.30.tgz"
  "version" "3.1.30"

"node-releases@^2.0.1":
  "integrity" "sha1-PR05XyBPHy8ppUNYuftnh2WtL8U="
  "resolved" "https://registry.npmmirror.com/node-releases/download/node-releases-2.0.1.tgz?cache=0&sync_timestamp=1634806905286&other_urls=https%3A%2F%2Fregistry.npmmirror.com%2Fnode-releases%2Fdownload%2Fnode-releases-2.0.1.tgz"
  "version" "2.0.1"

"object-assign@^4.0.1", "object-assign@^4.1.1":
  "integrity" "sha1-IQmtx5ZYh8/AXLvUQsrIv7s2CGM="
  "resolved" "https://registry.npmmirror.com/object-assign/download/object-assign-4.1.1.tgz"
  "version" "4.1.1"

"parse-uri@^1.0.0", "parse-uri@^1.0.3":
  "integrity" "sha1-88JKdJB6TjV8F0HpbKn6rez9bbU="
  "resolved" "https://registry.npmmirror.com/parse-uri/download/parse-uri-1.0.3.tgz"
  "version" "1.0.3"

"path-parse@^1.0.6":
  "integrity" "sha1-+8EUtgykKzDZ2vWFjkvWi77bZzU="
  "resolved" "https://registry.npmmirror.com/path-parse/download/path-parse-1.0.7.tgz"
  "version" "1.0.7"

"path-to-regexp@^1.7.0":
  "integrity" "sha1-iHs7qdhDk+h6CgufTLdWGYtTVIo="
  "resolved" "https://registry.npmmirror.com/path-to-regexp/download/path-to-regexp-1.8.0.tgz"
  "version" "1.8.0"
  dependencies:
    "isarray" "0.0.1"

"picocolors@^0.2.1":
  "integrity" "sha1-VwZw95NkaFHRuhNZlpYqutWHhZ8="
  "resolved" "https://registry.npmmirror.com/picocolors/download/picocolors-0.2.1.tgz?cache=0&sync_timestamp=1634093378416&other_urls=https%3A%2F%2Fregistry.npmmirror.com%2Fpicocolors%2Fdownload%2Fpicocolors-0.2.1.tgz"
  "version" "0.2.1"

"picocolors@^1.0.0":
  "integrity" "sha1-y1vcdP8/UYkiNur3nWi8RFZKuBw="
  "resolved" "https://registry.npmmirror.com/picocolors/download/picocolors-1.0.0.tgz?cache=0&sync_timestamp=1634093378416&other_urls=https%3A%2F%2Fregistry.npmmirror.com%2Fpicocolors%2Fdownload%2Fpicocolors-1.0.0.tgz"
  "version" "1.0.0"

"picomatch@^2.2.2":
  "integrity" "sha1-8fBh3o9qS/AiiS4tEoI0+5gwKXI="
  "resolved" "https://registry.npmmirror.com/picomatch/download/picomatch-2.3.0.tgz"
  "version" "2.3.0"

"pixi-gl-core@^1.1.4":
  "integrity" "sha1-i0tcQzsx5Bm8N53FZc4bg1qRs3I="
  "resolved" "https://registry.npmmirror.com/pixi-gl-core/download/pixi-gl-core-1.1.4.tgz"
  "version" "1.1.4"

"pixi.js@^4.8.7", "pixi.js@^4.8.9":
  "integrity" "sha1-NtwN6JB9nmQzZDbiN8b398CjYuE="
  "resolved" "https://registry.npmmirror.com/pixi.js/download/pixi.js-4.8.9.tgz"
  "version" "4.8.9"
  dependencies:
    "bit-twiddle" "^1.0.2"
    "earcut" "^2.1.4"
    "eventemitter3" "^2.0.0"
    "ismobilejs" "^0.5.1"
    "object-assign" "^4.0.1"
    "pixi-gl-core" "^1.1.4"
    "remove-array-items" "^1.0.0"
    "resource-loader" "^2.2.3"

"poly-decomp@^0.3.0":
  "integrity" "sha1-qkmSibvBpMoiE+lmWH+lv/wcpfU="
  "resolved" "https://registry.npmmirror.com/poly-decomp/download/poly-decomp-0.3.0.tgz"
  "version" "0.3.0"

"postcss-plugin-rpx2vw@^0.0.2":
  "integrity" "sha1-pw4x+6jq5O5x38FGJ+L+Sz4KOg8="
  "resolved" "https://registry.npmmirror.com/postcss-plugin-rpx2vw/download/postcss-plugin-rpx2vw-0.0.2.tgz"
  "version" "0.0.2"
  dependencies:
    "postcss" "^7.0.17"

"postcss@^7.0.17":
  "integrity" "sha1-liQ3XZZWMOLh8sAqk1yCpZy0gwk="
  "resolved" "https://registry.npmmirror.com/postcss/download/postcss-7.0.39.tgz?cache=0&sync_timestamp=1634821330333&other_urls=https%3A%2F%2Fregistry.npmmirror.com%2Fpostcss%2Fdownload%2Fpostcss-7.0.39.tgz"
  "version" "7.0.39"
  dependencies:
    "picocolors" "^0.2.1"
    "source-map" "^0.6.1"

"postcss@^8.3.8":
  "integrity" "sha1-w77KfqgRzV4cSj7G0udZnvH4+Fg="
  "resolved" "https://registry.npmmirror.com/postcss/download/postcss-8.3.11.tgz?cache=0&sync_timestamp=1634821330333&other_urls=https%3A%2F%2Fregistry.npmmirror.com%2Fpostcss%2Fdownload%2Fpostcss-8.3.11.tgz"
  "version" "8.3.11"
  dependencies:
    "nanoid" "^3.1.30"
    "picocolors" "^1.0.0"
    "source-map-js" "^0.6.2"

"prop-types@^15.0.0", "prop-types@^15.6.2", "prop-types@^15.7.2":
  "integrity" "sha1-UsQedbjIfnK52TYOAga5ncv/psU="
  "resolved" "https://registry.npmmirror.com/prop-types/download/prop-types-15.7.2.tgz"
  "version" "15.7.2"
  dependencies:
    "loose-envify" "^1.4.0"
    "object-assign" "^4.1.1"
    "react-is" "^16.8.1"

"rax-children@^1.0.0":
  "integrity" "sha512-sBKEXAMj9ik6SsPfPGgcQnqggmbWFyBdvAV/Cz/0f04bRA86BtWgbMri/9Dce0k8nkEC/BGWiiTdyA8Q49zIiw=="
  "resolved" "https://registry.npmjs.org/rax-children/-/rax-children-1.0.0.tgz"
  "version" "1.0.0"

"rax-clone-element@^1.0.0":
  "integrity" "sha512-TaQMVuzoglvCTjbWATlvvwARmeWnG8kpENWNXrNDv0++x29GHNND/TBbx7sdtVs/QmYwYc8YmwRUhaBwKQi5eQ=="
  "resolved" "https://registry.npmjs.org/rax-clone-element/-/rax-clone-element-1.0.0.tgz"
  "version" "1.0.0"
  dependencies:
    "rax-is-valid-element" "^1.0.0"

"rax-create-factory@^1.0.0":
  "integrity" "sha512-blBaVrurj/BOWelJhQWiuc0Kk8Ons1jsNsX78omaPBLkSOL7OkyJ3NC/0iKXHu425yWrGB6e5vho/qabROC7VQ=="
  "resolved" "https://registry.npmjs.org/rax-create-factory/-/rax-create-factory-1.0.0.tgz"
  "version" "1.0.0"

"rax-is-valid-element@^1.0.0":
  "integrity" "sha512-MM3IUAQRKn3EJ0D2vjxgobOJLplLAw3YxE7/IRM6ytDYzlPq5iIZ8wsXoPAp/qW3Y+n23HLQUIljmLKywcCEIA=="
  "resolved" "https://registry.npmjs.org/rax-is-valid-element/-/rax-is-valid-element-1.0.0.tgz"
  "version" "1.0.0"

"rax@^1.0.0", "rax@^1.1.0":
  "integrity" "sha512-SKUKSXoG2Dp+sFyiFyYzTGmhZlYGxusRSigcokAYTN3r4WTySreXs2WE+6nBBGg26aFyiCsBVHNeI86SQbVsQg=="
  "resolved" "https://registry.npmjs.org/rax/-/rax-1.2.2.tgz"
  "version" "1.2.2"
  dependencies:
    "@babel/runtime" "^7.2.0"
    "driver-server" "^1.0.0"
    "prop-types" "^15.7.2"
    "rax-children" "^1.0.0"
    "rax-clone-element" "^1.0.0"
    "rax-create-factory" "^1.0.0"
    "rax-is-valid-element" "^1.0.0"

"react-dom@^17.0.0":
  "integrity" "sha1-7P+2hF462Nv83EmPDQqTlzZQLCM="
  "resolved" "https://registry.npmmirror.com/react-dom/download/react-dom-17.0.2.tgz?cache=0&sync_timestamp=1635474851369&other_urls=https%3A%2F%2Fregistry.npmmirror.com%2Freact-dom%2Fdownload%2Freact-dom-17.0.2.tgz"
  "version" "17.0.2"
  dependencies:
    "loose-envify" "^1.1.0"
    "object-assign" "^4.1.1"
    "scheduler" "^0.20.2"

"react-is@^16.6.0", "react-is@^16.7.0", "react-is@^16.8.1":
  "integrity" "sha1-eJcppNw23imZ3BVt1sHZwYzqVqQ="
  "resolved" "https://registry.npmmirror.com/react-is/download/react-is-16.13.1.tgz?cache=0&sync_timestamp=1635475502746&other_urls=https%3A%2F%2Fregistry.npmmirror.com%2Freact-is%2Fdownload%2Freact-is-16.13.1.tgz"
  "version" "16.13.1"

"react-refresh@^0.10.0":
  "integrity" "sha1-L1NslmDAubHVAGhNnlKmXnQE9+M="
  "resolved" "https://registry.npmmirror.com/react-refresh/download/react-refresh-0.10.0.tgz?cache=0&sync_timestamp=1635476183463&other_urls=https%3A%2F%2Fregistry.npmmirror.com%2Freact-refresh%2Fdownload%2Freact-refresh-0.10.0.tgz"
  "version" "0.10.0"

"react-router-dom@^5.3.0":
  "integrity" "sha1-2hv7U1oOiacSqTuX3Xb0etHzI2M="
  "resolved" "https://registry.npmmirror.com/react-router-dom/download/react-router-dom-5.3.0.tgz"
  "version" "5.3.0"
  dependencies:
    "@babel/runtime" "^7.12.13"
    "history" "^4.9.0"
    "loose-envify" "^1.3.1"
    "prop-types" "^15.6.2"
    "react-router" "5.2.1"
    "tiny-invariant" "^1.0.2"
    "tiny-warning" "^1.0.0"

"react-router@5.2.1":
  "integrity" "sha1-TS5OnVrpQlCRhFuNvG2dJ2I5d00="
  "resolved" "https://registry.npmmirror.com/react-router/download/react-router-5.2.1.tgz"
  "version" "5.2.1"
  dependencies:
    "@babel/runtime" "^7.12.13"
    "history" "^4.9.0"
    "hoist-non-react-statics" "^3.1.0"
    "loose-envify" "^1.3.1"
    "mini-create-react-context" "^0.4.0"
    "path-to-regexp" "^1.7.0"
    "prop-types" "^15.6.2"
    "react-is" "^16.6.0"
    "tiny-invariant" "^1.0.2"
    "tiny-warning" "^1.0.0"

"react@^0.14.0 || ^15.0.0 || ^16.0.0 || ^17.0.0", "react@^17.0.0", "react@>=15", "react@17.0.2":
  "integrity" "sha1-0LXMUW0p6z7uOD91tihkz7aAADc="
  "resolved" "https://registry.npmmirror.com/react/download/react-17.0.2.tgz?cache=0&sync_timestamp=1635471926512&other_urls=https%3A%2F%2Fregistry.npmmirror.com%2Freact%2Fdownload%2Freact-17.0.2.tgz"
  "version" "17.0.2"
  dependencies:
    "loose-envify" "^1.1.0"
    "object-assign" "^4.1.1"

"regenerator-runtime@^0.11.0":
  "integrity" "sha1-vgWtf5v30i4Fb5cmzuUBf78Z4uk="
  "resolved" "https://registry.npmmirror.com/regenerator-runtime/download/regenerator-runtime-0.11.1.tgz"
  "version" "0.11.1"

"regenerator-runtime@^0.13.4":
  "integrity" "sha1-iSV0Kpj/2QgUmI11Zq0wyjsmO1I="
  "resolved" "https://registry.npmmirror.com/regenerator-runtime/download/regenerator-runtime-0.13.9.tgz"
  "version" "0.13.9"

"remove-array-items@^1.0.0":
  "integrity" "sha1-/XRf9z0IIuVh6pEL8bQB/HhD5pM="
  "resolved" "https://registry.npmmirror.com/remove-array-items/download/remove-array-items-1.1.1.tgz"
  "version" "1.1.1"

"resolve-pathname@^3.0.0":
  "integrity" "sha1-mdAiJNPPJjaJvsuzk7xWAxMCXc0="
  "resolved" "https://registry.npmmirror.com/resolve-pathname/download/resolve-pathname-3.0.0.tgz"
  "version" "3.0.0"

"resolve@^1.20.0":
  "integrity" "sha1-YpoBP7P3B1XW8LeTXMHCxTeLGXU="
  "resolved" "https://registry.npmmirror.com/resolve/download/resolve-1.20.0.tgz?cache=0&sync_timestamp=1632397282327&other_urls=https%3A%2F%2Fregistry.npmmirror.com%2Fresolve%2Fdownload%2Fresolve-1.20.0.tgz"
  "version" "1.20.0"
  dependencies:
    "is-core-module" "^2.2.0"
    "path-parse" "^1.0.6"

"resource-loader@^2.2.3":
  "integrity" "sha1-m/Q9ullHXVa+KceWOZIRzg6W/S0="
  "resolved" "https://registry.npmmirror.com/resource-loader/download/resource-loader-2.2.4.tgz"
  "version" "2.2.4"
  dependencies:
    "mini-signals" "^1.1.1"
    "parse-uri" "^1.0.0"

"resource-loader@^4.0.0-rc4":
  "integrity" "sha1-R5T+linyWJZLU95lG9AjBGCZyYk="
  "resolved" "https://registry.npmmirror.com/resource-loader/download/resource-loader-4.0.0-rc4.tgz"
  "version" "4.0.0-rc4"
  dependencies:
    "parse-uri" "^1.0.0"
    "type-signals" "^1.0.3"

"rollup@^2.57.0":
  "integrity" "sha1-caCBONlRX7ZQQ7ahhhiy7ZrI0jk="
  "resolved" "https://registry.npmmirror.com/rollup/download/rollup-2.58.3.tgz?cache=0&sync_timestamp=1635229318454&other_urls=https%3A%2F%2Fregistry.npmmirror.com%2Frollup%2Fdownload%2Frollup-2.58.3.tgz"
  "version" "2.58.3"
  optionalDependencies:
    "fsevents" "~2.3.2"

"safe-buffer@~5.1.1":
  "integrity" "sha1-mR7GnSluAxN0fVm9/St0XDX4go0="
  "resolved" "https://registry.npmmirror.com/safe-buffer/download/safe-buffer-5.1.2.tgz"
  "version" "5.1.2"

"scheduler@^0.20.2":
  "integrity" "sha1-S67jlDbjSqk7SHS93L8P6Li1DpE="
  "resolved" "https://registry.npmmirror.com/scheduler/download/scheduler-0.20.2.tgz?cache=0&sync_timestamp=1635474830779&other_urls=https%3A%2F%2Fregistry.npmmirror.com%2Fscheduler%2Fdownload%2Fscheduler-0.20.2.tgz"
  "version" "0.20.2"
  dependencies:
    "loose-envify" "^1.1.0"
    "object-assign" "^4.1.1"

"semver@^6.3.0":
  "integrity" "sha1-7gpkyK9ejO6mdoexM3YeG+y9HT0="
  "resolved" "https://registry.npmmirror.com/semver/download/semver-6.3.0.tgz?cache=0&sync_timestamp=1632475048843&other_urls=https%3A%2F%2Fregistry.npmmirror.com%2Fsemver%2Fdownload%2Fsemver-6.3.0.tgz"
  "version" "6.3.0"

"source-map-js@^0.6.2":
  "integrity" "sha1-C7XeYxtBz72mz7qL0FqA79/SOF4="
  "resolved" "https://registry.npmmirror.com/source-map-js/download/source-map-js-0.6.2.tgz"
  "version" "0.6.2"

"source-map@^0.5.0":
  "integrity" "sha1-igOdLRAh0i0eoUyA2OpGi6LvP8w="
  "resolved" "https://registry.npmmirror.com/source-map/download/source-map-0.5.7.tgz"
  "version" "0.5.7"

"source-map@^0.6.1":
  "integrity" "sha1-dHIq8y6WFOnCh6jQu95IteLxomM="
  "resolved" "https://registry.npmmirror.com/source-map/download/source-map-0.6.1.tgz"
  "version" "0.6.1"

"sprintf-js@~1.0.2":
  "integrity" "sha1-BOaSb2YolTVPPdAVIDYzuFcpfiw="
  "resolved" "https://registry.npmjs.org/sprintf-js/-/sprintf-js-1.0.3.tgz"
  "version" "1.0.3"

"sprite-timeline@^1.10.2":
  "integrity" "sha1-IPsBKwAmI/6O9fPxblpdE2TAedA="
  "resolved" "https://registry.npmmirror.com/sprite-timeline/download/sprite-timeline-1.10.2.tgz"
  "version" "1.10.2"
  dependencies:
    "babel-runtime" "^6.26.0"

"supports-color@^5.3.0":
  "integrity" "sha1-4uaaRKyHcveKHsCzW2id9lMO/I8="
  "resolved" "https://registry.npmmirror.com/supports-color/download/supports-color-5.5.0.tgz"
  "version" "5.5.0"
  dependencies:
    "has-flag" "^3.0.0"

"texture-compressor@^1.0.2":
  "integrity" "sha512-dStVgoaQ11mA5htJ+RzZ51ZxIZqNOgWKAIvtjLrW1AliQQLCmrDqNzQZ8Jh91YealQ95DXt4MEduLzJmbs6lig=="
  "resolved" "https://registry.npmjs.org/texture-compressor/-/texture-compressor-1.0.2.tgz"
  "version" "1.0.2"
  dependencies:
    "argparse" "^1.0.10"
    "image-size" "^0.7.4"

"tiny-invariant@^1.0.2":
  "integrity" "sha1-Y0xfjv3CdxS384bDXmdgmR0jCHU="
  "resolved" "https://registry.npmmirror.com/tiny-invariant/download/tiny-invariant-1.1.0.tgz?cache=0&sync_timestamp=1632754327749&other_urls=https%3A%2F%2Fregistry.npmmirror.com%2Ftiny-invariant%2Fdownload%2Ftiny-invariant-1.1.0.tgz"
  "version" "1.1.0"

"tiny-warning@^1.0.0", "tiny-warning@^1.0.3":
  "integrity" "sha1-lKMNtFPfTGQ9D9VmBg1gqHXYR1Q="
  "resolved" "https://registry.npmmirror.com/tiny-warning/download/tiny-warning-1.0.3.tgz"
  "version" "1.0.3"

"to-fast-properties@^2.0.0":
  "integrity" "sha1-3F5pjL0HkmW8c+A3doGk5Og/YW4="
  "resolved" "https://registry.npmmirror.com/to-fast-properties/download/to-fast-properties-2.0.0.tgz"
  "version" "2.0.0"

"type-signals@^1.0.3":
  "integrity" "sha1-w7dWpkx5T4wnUMmBs2webhAUEk0="
  "resolved" "https://registry.npmmirror.com/type-signals/download/type-signals-1.1.0.tgz"
  "version" "1.1.0"

"typescript@^4.3.2":
  "integrity" "sha1-LNAaGh8WBwTTEB/VpY/w+fy4Aww="
  "resolved" "https://registry.npmmirror.com/typescript/download/typescript-4.4.4.tgz"
  "version" "4.4.4"

"universal-env@^3.1.0":
  "integrity" "sha512-4ZyITvWhtcurCEA66Cb7jcd4zpEiAAo91wSwbEscbiu033pIsC2yjgT8LYyasFgsst6jZHD1gtVoSyYcL8oH1Q=="
  "resolved" "https://registry.npmjs.org/universal-env/-/universal-env-3.3.3.tgz"
  "version" "3.3.3"
  dependencies:
    "@uni/env" "^1.0.0"

"universal-toast@^1.2.3":
  "integrity" "sha512-DQejlx86exL6fu6D1d0bdgVj8fP5+M602HETSAXzx/ZtPO/ZbdwflkzLGHXBna+fcJSXx9MsrJ1uI9rgsBmfUQ=="
  "resolved" "https://registry.npmjs.org/universal-toast/-/universal-toast-1.2.3.tgz"
  "version" "1.2.3"
  dependencies:
    "universal-env" "^3.1.0"

"value-equal@^1.0.1":
  "integrity" "sha1-Hgt5THNMXAyt4XnEN9NW2TGjTWw="
  "resolved" "https://registry.npmmirror.com/value-equal/download/value-equal-1.0.1.tgz"
  "version" "1.0.1"

"vite@^2.6.4":
  "integrity" "sha1-FrPshaZtW0YawpqQOHTUNX+a9DI="
  "resolved" "https://registry.npmmirror.com/vite/download/vite-2.6.13.tgz"
  "version" "2.6.13"
  dependencies:
    "esbuild" "^0.13.2"
    "postcss" "^8.3.8"
    "resolve" "^1.20.0"
    "rollup" "^2.57.0"
  optionalDependencies:
    "fsevents" "~2.3.2"
